// !$*UTF8*$!
{
	archiveVersion = 1;
	classes = {
	};
	objectVersion = 50;
	objects = {

/* Begin PBXBuildFile section */
		672FCB7C269FB4B3001AD9A1 /* PitchPerfectUITests.swift in Sources */ = {isa = PBXBuildFile; fileRef = 672FCB7B269FB4B3001AD9A1 /* PitchPerfectUITests.swift */; };
		67F12074269EB0490065E923 /* AppDelegate.swift in Sources */ = {isa = PBXBuildFile; fileRef = 67F12073269EB0490065E923 /* AppDelegate.swift */; };
		67F12076269EB0490065E923 /* SceneDelegate.swift in Sources */ = {isa = PBXBuildFile; fileRef = 67F12075269EB0490065E923 /* SceneDelegate.swift */; };
		67F12078269EB0490065E923 /* RecordSoundsViewController.swift in Sources */ = {isa = PBXBuildFile; fileRef = 67F12077269EB0490065E923 /* RecordSoundsViewController.swift */; };
		67F1207B269EB0490065E923 /* Main.storyboard in Resources */ = {isa = PBXBuildFile; fileRef = 67F12079269EB0490065E923 /* Main.storyboard */; };
		67F1207D269EB04B0065E923 /* Assets.xcassets in Resources */ = {isa = PBXBuildFile; fileRef = 67F1207C269EB04B0065E923 /* Assets.xcassets */; };
		67F12080269EB04B0065E923 /* LaunchScreen.storyboard in Resources */ = {isa = PBXBuildFile; fileRef = 67F1207E269EB04B0065E923 /* LaunchScreen.storyboard */; };
		67F12089269EC0050065E923 /* PlaySoundsViewController.swift in Sources */ = {isa = PBXBuildFile; fileRef = 67F12088269EC0050065E923 /* PlaySoundsViewController.swift */; };
		67F1208D269F79800065E923 /* PlaySoundsViewController+extension.swift in Sources */ = {isa = PBXBuildFile; fileRef = 67F1208C269F79800065E923 /* PlaySoundsViewController+extension.swift */; };
/* End PBXBuildFile section */

/* Begin PBXContainerItemProxy section */
		672FCB7E269FB4B3001AD9A1 /* PBXContainerItemProxy */ = {
			isa = PBXContainerItemProxy;
			containerPortal = 67F12068269EB0480065E923 /* Project object */;
			proxyType = 1;
			remoteGlobalIDString = 67F1206F269EB0490065E923;
			remoteInfo = PitchPerfect;
		};
/* End PBXContainerItemProxy section */

/* Begin PBXFileReference section */
		672FCB79269FB4B3001AD9A1 /* PitchPerfectUITests.xctest */ = {isa = PBXFileReference; explicitFileType = wrapper.cfbundle; includeInIndex = 0; path = PitchPerfectUITests.xctest; sourceTree = BUILT_PRODUCTS_DIR; };
		672FCB7B269FB4B3001AD9A1 /* PitchPerfectUITests.swift */ = {isa = PBXFileReference; lastKnownFileType = sourcecode.swift; path = PitchPerfectUITests.swift; sourceTree = "<group>"; };
		672FCB7D269FB4B3001AD9A1 /* Info.plist */ = {isa = PBXFileReference; lastKnownFileType = text.plist.xml; path = Info.plist; sourceTree = "<group>"; };
		67F12070269EB0490065E923 /* PitchPerfect.app */ = {isa = PBXFileReference; explicitFileType = wrapper.application; includeInIndex = 0; path = PitchPerfect.app; sourceTree = BUILT_PRODUCTS_DIR; };
		67F12073269EB0490065E923 /* AppDelegate.swift */ = {isa = PBXFileReference; lastKnownFileType = sourcecode.swift; path = AppDelegate.swift; sourceTree = "<group>"; };
		67F12075269EB0490065E923 /* SceneDelegate.swift */ = {isa = PBXFileReference; lastKnownFileType = sourcecode.swift; path = SceneDelegate.swift; sourceTree = "<group>"; };
		67F12077269EB0490065E923 /* RecordSoundsViewController.swift */ = {isa = PBXFileReference; lastKnownFileType = sourcecode.swift; path = RecordSoundsViewController.swift; sourceTree = "<group>"; };
		67F1207A269EB0490065E923 /* Base */ = {isa = PBXFileReference; lastKnownFileType = file.storyboard; name = Base; path = Base.lproj/Main.storyboard; sourceTree = "<group>"; };
		67F1207C269EB04B0065E923 /* Assets.xcassets */ = {isa = PBXFileReference; lastKnownFileType = folder.assetcatalog; path = Assets.xcassets; sourceTree = "<group>"; };
		67F1207F269EB04B0065E923 /* Base */ = {isa = PBXFileReference; lastKnownFileType = file.storyboard; name = Base; path = Base.lproj/LaunchScreen.storyboard; sourceTree = "<group>"; };
		67F12081269EB04B0065E923 /* Info.plist */ = {isa = PBXFileReference; lastKnownFileType = text.plist.xml; path = Info.plist; sourceTree = "<group>"; };
		67F12088269EC0050065E923 /* PlaySoundsViewController.swift */ = {isa = PBXFileReference; lastKnownFileType = sourcecode.swift; path = PlaySoundsViewController.swift; sourceTree = "<group>"; };
		67F1208C269F79800065E923 /* PlaySoundsViewController+extension.swift */ = {isa = PBXFileReference; lastKnownFileType = sourcecode.swift; path = "PlaySoundsViewController+extension.swift"; sourceTree = "<group>"; };
/* End PBXFileReference section */

/* Begin PBXFrameworksBuildPhase section */
		672FCB76269FB4B3001AD9A1 /* Frameworks */ = {
			isa = PBXFrameworksBuildPhase;
			buildActionMask = 2147483647;
			files = (
			);
			runOnlyForDeploymentPostprocessing = 0;
		};
		67F1206D269EB0490065E923 /* Frameworks */ = {
			isa = PBXFrameworksBuildPhase;
			buildActionMask = 2147483647;
			files = (
			);
			runOnlyForDeploymentPostprocessing = 0;
		};
/* End PBXFrameworksBuildPhase section */

/* Begin PBXGroup section */
		672FCB7A269FB4B3001AD9A1 /* PitchPerfectUITests */ = {
			isa = PBXGroup;
			children = (
				672FCB7B269FB4B3001AD9A1 /* PitchPerfectUITests.swift */,
				672FCB7D269FB4B3001AD9A1 /* Info.plist */,
			);
			path = PitchPerfectUITests;
			sourceTree = "<group>";
		};
		67F12067269EB0480065E923 = {
			isa = PBXGroup;
			children = (
				67F12072269EB0490065E923 /* PitchPerfect */,
				672FCB7A269FB4B3001AD9A1 /* PitchPerfectUITests */,
				67F12071269EB0490065E923 /* Products */,
			);
			sourceTree = "<group>";
		};
		67F12071269EB0490065E923 /* Products */ = {
			isa = PBXGroup;
			children = (
				67F12070269EB0490065E923 /* PitchPerfect.app */,
				672FCB79269FB4B3001AD9A1 /* PitchPerfectUITests.xctest */,
			);
			name = Products;
			sourceTree = "<group>";
		};
		67F12072269EB0490065E923 /* PitchPerfect */ = {
			isa = PBXGroup;
			children = (
				67F12087269EB05C0065E923 /* ViewController */,
				67F12073269EB0490065E923 /* AppDelegate.swift */,
				67F12075269EB0490065E923 /* SceneDelegate.swift */,
				67F12079269EB0490065E923 /* Main.storyboard */,
				67F1207C269EB04B0065E923 /* Assets.xcassets */,
				67F1207E269EB04B0065E923 /* LaunchScreen.storyboard */,
				67F12081269EB04B0065E923 /* Info.plist */,
			);
			path = PitchPerfect;
			sourceTree = "<group>";
		};
		67F12087269EB05C0065E923 /* ViewController */ = {
			isa = PBXGroup;
			children = (
				67F12077269EB0490065E923 /* RecordSoundsViewController.swift */,
				67F12088269EC0050065E923 /* PlaySoundsViewController.swift */,
				67F1208C269F79800065E923 /* PlaySoundsViewController+extension.swift */,
			);
			path = ViewController;
			sourceTree = "<group>";
		};
/* End PBXGroup section */

/* Begin PBXNativeTarget section */
		672FCB78269FB4B3001AD9A1 /* PitchPerfectUITests */ = {
			isa = PBXNativeTarget;
			buildConfigurationList = 672FCB82269FB4B3001AD9A1 /* Build configuration list for PBXNativeTarget "PitchPerfectUITests" */;
			buildPhases = (
				672FCB75269FB4B3001AD9A1 /* Sources */,
				672FCB76269FB4B3001AD9A1 /* Frameworks */,
				672FCB77269FB4B3001AD9A1 /* Resources */,
			);
			buildRules = (
			);
			dependencies = (
				672FCB7F269FB4B3001AD9A1 /* PBXTargetDependency */,
			);
			name = PitchPerfectUITests;
			productName = PitchPerfectUITests;
			productReference = 672FCB79269FB4B3001AD9A1 /* PitchPerfectUITests.xctest */;
			productType = "com.apple.product-type.bundle.ui-testing";
		};
		67F1206F269EB0490065E923 /* PitchPerfect */ = {
			isa = PBXNativeTarget;
			buildConfigurationList = 67F12084269EB04B0065E923 /* Build configuration list for PBXNativeTarget "PitchPerfect" */;
			buildPhases = (
				67F1206C269EB0490065E923 /* Sources */,
				67F1206D269EB0490065E923 /* Frameworks */,
				67F1206E269EB0490065E923 /* Resources */,
			);
			buildRules = (
			);
			dependencies = (
			);
			name = PitchPerfect;
			productName = PitchPerfect;
			productReference = 67F12070269EB0490065E923 /* PitchPerfect.app */;
			productType = "com.apple.product-type.application";
		};
/* End PBXNativeTarget section */

/* Begin PBXProject section */
		67F12068269EB0480065E923 /* Project object */ = {
			isa = PBXProject;
			attributes = {
				LastSwiftUpdateCheck = 1250;
				LastUpgradeCheck = 1250;
				TargetAttributes = {
					672FCB78269FB4B3001AD9A1 = {
						CreatedOnToolsVersion = 12.5.1;
						TestTargetID = 67F1206F269EB0490065E923;
					};
					67F1206F269EB0490065E923 = {
						CreatedOnToolsVersion = 12.5.1;
					};
				};
			};
			buildConfigurationList = 67F1206B269EB0480065E923 /* Build configuration list for PBXProject "PitchPerfect" */;
			compatibilityVersion = "Xcode 9.3";
			developmentRegion = en;
			hasScannedForEncodings = 0;
			knownRegions = (
				en,
				Base,
			);
			mainGroup = 67F12067269EB0480065E923;
			productRefGroup = 67F12071269EB0490065E923 /* Products */;
			projectDirPath = "";
			projectRoot = "";
			targets = (
				67F1206F269EB0490065E923 /* PitchPerfect */,
				672FCB78269FB4B3001AD9A1 /* PitchPerfectUITests */,
			);
		};
/* End PBXProject section */

/* Begin PBXResourcesBuildPhase section */
		672FCB77269FB4B3001AD9A1 /* Resources */ = {
			isa = PBXResourcesBuildPhase;
			buildActionMask = 2147483647;
			files = (
			);
			runOnlyForDeploymentPostprocessing = 0;
		};
		67F1206E269EB0490065E923 /* Resources */ = {
			isa = PBXResourcesBuildPhase;
			buildActionMask = 2147483647;
			files = (
				67F12080269EB04B0065E923 /* LaunchScreen.storyboard in Resources */,
				67F1207D269EB04B0065E923 /* Assets.xcassets in Resources */,
				67F1207B269EB0490065E923 /* Main.storyboard in Resources */,
			);
			runOnlyForDeploymentPostprocessing = 0;
		};
/* End PBXResourcesBuildPhase section */

/* Begin PBXSourcesBuildPhase section */
		672FCB75269FB4B3001AD9A1 /* Sources */ = {
			isa = PBXSourcesBuildPhase;
			buildActionMask = 2147483647;
			files = (
				672FCB7C269FB4B3001AD9A1 /* PitchPerfectUITests.swift in Sources */,
			);
			runOnlyForDeploymentPostprocessing = 0;
		};
		67F1206C269EB0490065E923 /* Sources */ = {
			isa = PBXSourcesBuildPhase;
			buildActionMask = 2147483647;
			files = (
				67F1208D269F79800065E923 /* PlaySoundsViewController+extension.swift in Sources */,
				67F12078269EB0490065E923 /* RecordSoundsViewController.swift in Sources */,
				67F12074269EB0490065E923 /* AppDelegate.swift in Sources */,
				67F12089269EC0050065E923 /* PlaySoundsViewController.swift in Sources */,
				67F12076269EB0490065E923 /* SceneDelegate.swift in Sources */,
			);
			runOnlyForDeploymentPostprocessing = 0;
		};
/* End PBXSourcesBuildPhase section */

/* Begin PBXTargetDependency section */
		672FCB7F269FB4B3001AD9A1 /* PBXTargetDependency */ = {
			isa = PBXTargetDependency;
			target = 67F1206F269EB0490065E923 /* PitchPerfect */;
			targetProxy = 672FCB7E269FB4B3001AD9A1 /* PBXContainerItemProxy */;
		};
/* End PBXTargetDependency section */

/* Begin PBXVariantGroup section */
		67F12079269EB0490065E923 /* Main.storyboard */ = {
			isa = PBXVariantGroup;
			children = (
				67F1207A269EB0490065E923 /* Base */,
			);
			name = Main.storyboard;
			sourceTree = "<group>";
		};
		67F1207E269EB04B0065E923 /* LaunchScreen.storyboard */ = {
			isa = PBXVariantGroup;
			children = (
				67F1207F269EB04B0065E923 /* Base */,
			);
			name = LaunchScreen.storyboard;
			sourceTree = "<group>";
		};
/* End PBXVariantGroup section */

/* Begin XCBuildConfiguration section */
		672FCB80269FB4B3001AD9A1 /* Debug */ = {
			isa = XCBuildConfiguration;
			buildSettings = {
				CODE_SIGN_STYLE = Automatic;
				DEVELOPMENT_TEAM = T2A2NXUESB;
				INFOPLIST_FILE = PitchPerfectUITests/Info.plist;
				LD_RUNPATH_SEARCH_PATHS = (
					"$(inherited)",
					"@executable_path/Frameworks",
					"@loader_path/Frameworks",
				);
				PRODUCT_BUNDLE_IDENTIFIER = com.sophiaxinlu.PitchPerfectUITests;
				PRODUCT_NAME = "$(TARGET_NAME)";
				SWIFT_VERSION = 5.0;
				TARGETED_DEVICE_FAMILY = "1,2";
				TEST_TARGET_NAME = PitchPerfect;
			};
			name = Debug;
		};
		672FCB81269FB4B3001AD9A1 /* Release */ = {
			isa = XCBuildConfiguration;
			buildSettings = {
				CODE_SIGN_STYLE = Automatic;
				DEVELOPMENT_TEAM = T2A2NXUESB;
				INFOPLIST_FILE = PitchPerfectUITests/Info.plist;
				LD_RUNPATH_SEARCH_PATHS = (
					"$(inherited)",
					"@executable_path/Frameworks",
					"@loader_path/Frameworks",
				);
				PRODUCT_BUNDLE_IDENTIFIER = com.sophiaxinlu.PitchPerfectUITests;
				PRODUCT_NAME = "$(TARGET_NAME)";
				SWIFT_VERSION = 5.0;
				TARGETED_DEVICE_FAMILY = "1,2";
				TEST_TARGET_NAME = PitchPerfect;
			};
			name = Release;
		};
		67F12082269EB04B0065E923 /* Debug */ = {
			isa = XCBuildConfiguration;
			buildSettings = {
				ALWAYS_SEARCH_USER_PATHS = NO;
				CLANG_ANALYZER_NONNULL = YES;
				CLANG_ANALYZER_NUMBER_OBJECT_CONVERSION = YES_AGGRESSIVE;
				CLANG_CXX_LANGUAGE_STANDARD = "gnu++14";
				CLANG_CXX_LIBRARY = "libc++";
				CLANG_ENABLE_MODULES = YES;
				CLANG_ENABLE_OBJC_ARC = YES;
				CLANG_ENABLE_OBJC_WEAK = YES;
				CLANG_WARN_BLOCK_CAPTURE_AUTORELEASING = YES;
				CLANG_WARN_BOOL_CONVERSION = YES;
				CLANG_WARN_COMMA = YES;
				CLANG_WARN_CONSTANT_CONVERSION = YES;
				CLANG_WARN_DEPRECATED_OBJC_IMPLEMENTATIONS = YES;
				CLANG_WARN_DIRECT_OBJC_ISA_USAGE = YES_ERROR;
				CLANG_WARN_DOCUMENTATION_COMMENTS = YES;
				CLANG_WARN_EMPTY_BODY = YES;
				CLANG_WARN_ENUM_CONVERSION = YES;
				CLANG_WARN_INFINITE_RECURSION = YES;
				CLANG_WARN_INT_CONVERSION = YES;
				CLANG_WARN_NON_LITERAL_NULL_CONVERSION = YES;
				CLANG_WARN_OBJC_IMPLICIT_RETAIN_SELF = YES;
				CLANG_WARN_OBJC_LITERAL_CONVERSION = YES;
				CLANG_WARN_OBJC_ROOT_CLASS = YES_ERROR;
				CLANG_WARN_QUOTED_INCLUDE_IN_FRAMEWORK_HEADER = YES;
				CLANG_WARN_RANGE_LOOP_ANALYSIS = YES;
				CLANG_WARN_STRICT_PROTOTYPES = YES;
				CLANG_WARN_SUSPICIOUS_MOVE = YES;
				CLANG_WARN_UNGUARDED_AVAILABILITY = YES_AGGRESSIVE;
				CLANG_WARN_UNREACHABLE_CODE = YES;
				CLANG_WARN__DUPLICATE_METHOD_MATCH = YES;
				COPY_PHASE_STRIP = NO;
				DEBUG_INFORMATION_FORMAT = dwarf;
				ENABLE_STRICT_OBJC_MSGSEND = YES;
				ENABLE_TESTABILITY = YES;
				GCC_C_LANGUAGE_STANDARD = gnu11;
				GCC_DYNAMIC_NO_PIC = NO;
				GCC_NO_COMMON_BLOCKS = YES;
				GCC_OPTIMIZATION_LEVEL = 0;
				GCC_PREPROCESSOR_DEFINITIONS = (
					"DEBUG=1",
					"$(inherited)",
				);
				GCC_WARN_64_TO_32_BIT_CONVERSION = YES;
				GCC_WARN_ABOUT_RETURN_TYPE = YES_ERROR;
				GCC_WARN_UNDECLARED_SELECTOR = YES;
				GCC_WARN_UNINITIALIZED_AUTOS = YES_AGGRESSIVE;
				GCC_WARN_UNUSED_FUNCTION = YES;
				GCC_WARN_UNUSED_VARIABLE = YES;
				IPHONEOS_DEPLOYMENT_TARGET = 14.5;
				MTL_ENABLE_DEBUG_INFO = INCLUDE_SOURCE;
				MTL_FAST_MATH = YES;
				ONLY_ACTIVE_ARCH = YES;
				SDKROOT = iphoneos;
				SWIFT_ACTIVE_COMPILATION_CONDITIONS = DEBUG;
				SWIFT_OPTIMIZATION_LEVEL = "-Onone";
			};
			name = Debug;
		};
		67F12083269EB04B0065E923 /* Release */ = {
			isa = XCBuildConfiguration;
			buildSettings = {
				ALWAYS_SEARCH_USER_PATHS = NO;
				CLANG_ANALYZER_NONNULL = YES;
				CLANG_ANALYZER_NUMBER_OBJECT_CONVERSION = YES_AGGRESSIVE;
				CLANG_CXX_LANGUAGE_STANDARD = "gnu++14";
				CLANG_CXX_LIBRARY = "libc++";
				CLANG_ENABLE_MODULES = YES;
				CLANG_ENABLE_OBJC_ARC = YES;
				CLANG_ENABLE_OBJC_WEAK = YES;
				CLANG_WARN_BLOCK_CAPTURE_AUTORELEASING = YES;
				CLANG_WARN_BOOL_CONVERSION = YES;
				CLANG_WARN_COMMA = YES;
				CLANG_WARN_CONSTANT_CONVERSION = YES;
				CLANG_WARN_DEPRECATED_OBJC_IMPLEMENTATIONS = YES;
				CLANG_WARN_DIRECT_OBJC_ISA_USAGE = YES_ERROR;
				CLANG_WARN_DOCUMENTATION_COMMENTS = YES;
				CLANG_WARN_EMPTY_BODY = YES;
				CLANG_WARN_ENUM_CONVERSION = YES;
				CLANG_WARN_INFINITE_RECURSION = YES;
				CLANG_WARN_INT_CONVERSION = YES;
				CLANG_WARN_NON_LITERAL_NULL_CONVERSION = YES;
				CLANG_WARN_OBJC_IMPLICIT_RETAIN_SELF = YES;
				CLANG_WARN_OBJC_LITERAL_CONVERSION = YES;
				CLANG_WARN_OBJC_ROOT_CLASS = YES_ERROR;
				CLANG_WARN_QUOTED_INCLUDE_IN_FRAMEWORK_HEADER = YES;
				CLANG_WARN_RANGE_LOOP_ANALYSIS = YES;
				CLANG_WARN_STRICT_PROTOTYPES = YES;
				CLANG_WARN_SUSPICIOUS_MOVE = YES;
				CLANG_WARN_UNGUARDED_AVAILABILITY = YES_AGGRESSIVE;
				CLANG_WARN_UNREACHABLE_CODE = YES;
				CLANG_WARN__DUPLICATE_METHOD_MATCH = YES;
				COPY_PHASE_STRIP = NO;
				DEBUG_INFORMATION_FORMAT = "dwarf-with-dsym";
				ENABLE_NS_ASSERTIONS = NO;
				ENABLE_STRICT_OBJC_MSGSEND = YES;
				GCC_C_LANGUAGE_STANDARD = gnu11;
				GCC_NO_COMMON_BLOCKS = YES;
				GCC_WARN_64_TO_32_BIT_CONVERSION = YES;
				GCC_WARN_ABOUT_RETURN_TYPE = YES_ERROR;
				GCC_WARN_UNDECLARED_SELECTOR = YES;
				GCC_WARN_UNINITIALIZED_AUTOS = YES_AGGRESSIVE;
				GCC_WARN_UNUSED_FUNCTION = YES;
				GCC_WARN_UNUSED_VARIABLE = YES;
				IPHONEOS_DEPLOYMENT_TARGET = 14.5;
				MTL_ENABLE_DEBUG_INFO = NO;
				MTL_FAST_MATH = YES;
				SDKROOT = iphoneos;
				SWIFT_COMPILATION_MODE = wholemodule;
				SWIFT_OPTIMIZATION_LEVEL = "-O";
				VALIDATE_PRODUCT = YES;
			};
			name = Release;
		};
		67F12085269EB04B0065E923 /* Debug */ = {
			isa = XCBuildConfiguration;
			buildSettings = {
				ASSETCATALOG_COMPILER_APPICON_NAME = AppIcon;
				ASSETCATALOG_COMPILER_GLOBAL_ACCENT_COLOR_NAME = AccentColor;
				CODE_SIGN_STYLE = Automatic;
				DEVELOPMENT_TEAM = T2A2NXUESB;
				INFOPLIST_FILE = PitchPerfect/Info.plist;
				LD_RUNPATH_SEARCH_PATHS = (
					"$(inherited)",
					"@executable_path/Frameworks",
				);
				PRODUCT_BUNDLE_IDENTIFIER = com.sophiaxinlu.PitchPerfect;
				PRODUCT_NAME = "$(TARGET_NAME)";
				SWIFT_VERSION = 5.0;
				TARGETED_DEVICE_FAMILY = "1,2";
			};
			name = Debug;
		};
		67F12086269EB04B0065E923 /* Release */ = {
			isa = XCBuildConfiguration;
			buildSettings = {
				ASSETCATALOG_COMPILER_APPICON_NAME = AppIcon;
				ASSETCATALOG_COMPILER_GLOBAL_ACCENT_COLOR_NAME = AccentColor;
				CODE_SIGN_STYLE = Automatic;
				DEVELOPMENT_TEAM = T2A2NXUESB;
				INFOPLIST_FILE = PitchPerfect/Info.plist;
				LD_RUNPATH_SEARCH_PATHS = (
					"$(inherited)",
					"@executable_path/Frameworks",
				);
				PRODUCT_BUNDLE_IDENTIFIER = com.sophiaxinlu.PitchPerfect;
				PRODUCT_NAME = "$(TARGET_NAME)";
				SWIFT_VERSION = 5.0;
				TARGETED_DEVICE_FAMILY = "1,2";
			};
			name = Release;
		};
/* End XCBuildConfiguration section */

/* Begin XCConfigurationList section */
		672FCB82269FB4B3001AD9A1 /* Build configuration list for PBXNativeTarget "PitchPerfectUITests" */ = {
			isa = XCConfigurationList;
			buildConfigurations = (
				672FCB80269FB4B3001AD9A1 /* Debug */,
				672FCB81269FB4B3001AD9A1 /* Release */,
			);
			defaultConfigurationIsVisible = 0;
			defaultConfigurationName = Release;
		};
		67F1206B269EB0480065E923 /* Build configuration list for PBXProject "PitchPerfect" */ = {
			isa = XCConfigurationList;
			buildConfigurations = (
				67F12082269EB04B0065E923 /* Debug */,
				67F12083269EB04B0065E923 /* Release */,
			);
			defaultConfigurationIsVisible = 0;
			defaultConfigurationName = Release;
		};
		67F12084269EB04B0065E923 /* Build configuration list for PBXNativeTarget "PitchPerfect" */ = {
			isa = XCConfigurationList;
			buildConfigurations = (
				67F12085269EB04B0065E923 /* Debug */,
				67F12086269EB04B0065E923 /* Release */,
			);
			defaultConfigurationIsVisible = 0;
			defaultConfigurationName = Release;
		};
/* End XCConfigurationList section */
	};
	rootObject = 67F12068269EB0480065E923 /* Project object */;
}
